
Microsoft Visual Studio Solution File, Format Version 12.00
# Visual Studio 2015
Project("{FAE04EC0-301F-11D3-BF4B-00C04F79EFBC}") = "Project1.CSharp", "Project1.CSharp.csproj", "{BA620AC1-5708-EC91-D4E7-21FBA84F8947}"
EndProject
Global
	GlobalSection(SolutionConfigurationPlatforms) = preSolution
		Debug|Any CPU = Debug|Any CPU
		Release|Any CPU = Release|Any CPU
	EndGlobalSection
	GlobalSection(ProjectConfigurationPlatforms) = postSolution
		{BA620AC1-5708-EC91-D4E7-21FBA84F8947}.Debug|Any CPU.ActiveCfg = Debug|Any CPU
		{BA620AC1-5708-EC91-D4E7-21FBA84F8947}.Debug|Any CPU.Build.0 = Debug|Any CPU
		{BA620AC1-5708-EC91-D4E7-21FBA84F8947}.Release|Any CPU.ActiveCfg = Release|Any CPU
		{BA620AC1-5708-EC91-D4E7-21FBA84F8947}.Release|Any CPU.Build.0 = Release|Any CPU
	EndGlobalSection
	GlobalSection(SolutionProperties) = preSolution
		HideSolutionNode = FALSE
	EndGlobalSection
EndGlobal
